
Microsoft Visual Studio Solution File, Format Version 12.00
# Visual Studio 2012
Project("{FAE04EC0-301F-11D3-BF4B-00C04F79EFBC}") = "EquipCheck", "EquipCheck\EquipCheck.csproj", "{126FEE9C-4C20-412A-8A1F-F7B01FC2F0A6}"
EndProject
Project("{FAE04EC0-301F-11D3-BF4B-00C04F79EFBC}") = "EquipCheckTest", "EquipCheckTest\EquipCheckTest.csproj", "{78FAACD6-B000-4CBD-8C69-53DD08D623B6}"
EndProject
Project("{FAE04EC0-301F-11D3-BF4B-00C04F79EFBC}") = "EquipCheckLoginService", "EquipCheckLoginService\EquipCheckLoginService.csproj", "{2B98E7EC-99A0-460D-ADAC-D62D9EBB1D9C}"
EndProject
Global
	GlobalSection(SolutionConfigurationPlatforms) = preSolution
		Debug|Any CPU = Debug|Any CPU
		Release|Any CPU = Release|Any CPU
	EndGlobalSection
	GlobalSection(ProjectConfigurationPlatforms) = postSolution
		{126FEE9C-4C20-412A-8A1F-F7B01FC2F0A6}.Debug|Any CPU.ActiveCfg = Debug|Any CPU
		{126FEE9C-4C20-412A-8A1F-F7B01FC2F0A6}.Debug|Any CPU.Build.0 = Debug|Any CPU
		{126FEE9C-4C20-412A-8A1F-F7B01FC2F0A6}.Release|Any CPU.ActiveCfg = Release|Any CPU
		{126FEE9C-4C20-412A-8A1F-F7B01FC2F0A6}.Release|Any CPU.Build.0 = Release|Any CPU
		{78FAACD6-B000-4CBD-8C69-53DD08D623B6}.Debug|Any CPU.ActiveCfg = Debug|Any CPU
		{78FAACD6-B000-4CBD-8C69-53DD08D623B6}.Debug|Any CPU.Build.0 = Debug|Any CPU
		{78FAACD6-B000-4CBD-8C69-53DD08D623B6}.Release|Any CPU.ActiveCfg = Release|Any CPU
		{78FAACD6-B000-4CBD-8C69-53DD08D623B6}.Release|Any CPU.Build.0 = Release|Any CPU
		{2B98E7EC-99A0-460D-ADAC-D62D9EBB1D9C}.Debug|Any CPU.ActiveCfg = Debug|Any CPU
		{2B98E7EC-99A0-460D-ADAC-D62D9EBB1D9C}.Debug|Any CPU.Build.0 = Debug|Any CPU
		{2B98E7EC-99A0-460D-ADAC-D62D9EBB1D9C}.Release|Any CPU.ActiveCfg = Release|Any CPU
		{2B98E7EC-99A0-460D-ADAC-D62D9EBB1D9C}.Release|Any CPU.Build.0 = Release|Any CPU
	EndGlobalSection
	GlobalSection(SolutionProperties) = preSolution
		HideSolutionNode = FALSE
	EndGlobalSection
EndGlobal
